// !$*UTF8*$!
{
	archiveVersion = 1;
	classes = {
	};
	objectVersion = 50;
	objects = {

/* Begin PBXBuildFile section */
		3EA9F25225FC63880019318C /* SeriesApp.swift in Sources */ = {isa = PBXBuildFile; fileRef = 3EA9F25125FC63880019318C /* SeriesApp.swift */; };
		3EA9F25425FC63880019318C /* ContentView.swift in Sources */ = {isa = PBXBuildFile; fileRef = 3EA9F25325FC63880019318C /* ContentView.swift */; };
		3EA9F25625FC63890019318C /* Assets.xcassets in Resources */ = {isa = PBXBuildFile; fileRef = 3EA9F25525FC63890019318C /* Assets.xcassets */; };
		3EA9F25925FC63890019318C /* Preview Assets.xcassets in Resources */ = {isa = PBXBuildFile; fileRef = 3EA9F25825FC63890019318C /* Preview Assets.xcassets */; };
		3EA9F26225FC64230019318C /* CatalogScreen.swift in Sources */ = {isa = PBXBuildFile; fileRef = 3EA9F26125FC64230019318C /* CatalogScreen.swift */; };
		3EA9F26525FC64520019318C /* FavoritesScreen.swift in Sources */ = {isa = PBXBuildFile; fileRef = 3EA9F26425FC64520019318C /* FavoritesScreen.swift */; };
		3EA9F26825FC64600019318C /* ProfileScreen.swift in Sources */ = {isa = PBXBuildFile; fileRef = 3EA9F26725FC64600019318C /* ProfileScreen.swift */; };
		3EA9F26B25FC64A70019318C /* Router.swift in Sources */ = {isa = PBXBuildFile; fileRef = 3EA9F26A25FC64A70019318C /* Router.swift */; };
		3EA9F27825FC7F2B0019318C /* SeriesView.swift in Sources */ = {isa = PBXBuildFile; fileRef = 3EA9F27725FC7F2B0019318C /* SeriesView.swift */; };
		3EA9F27B25FC81B50019318C /* SeriesListCell.swift in Sources */ = {isa = PBXBuildFile; fileRef = 3EA9F27A25FC81B50019318C /* SeriesListCell.swift */; };
		3EA9F28525FCB4B00019318C /* TextView.swift in Sources */ = {isa = PBXBuildFile; fileRef = 3EA9F28425FCB4B00019318C /* TextView.swift */; };
/* End PBXBuildFile section */

/* Begin PBXFileReference section */
		3EA9F24E25FC63880019318C /* Series.app */ = {isa = PBXFileReference; explicitFileType = wrapper.application; includeInIndex = 0; path = Series.app; sourceTree = BUILT_PRODUCTS_DIR; };
		3EA9F25125FC63880019318C /* SeriesApp.swift */ = {isa = PBXFileReference; lastKnownFileType = sourcecode.swift; path = SeriesApp.swift; sourceTree = "<group>"; };
		3EA9F25325FC63880019318C /* ContentView.swift */ = {isa = PBXFileReference; lastKnownFileType = sourcecode.swift; path = ContentView.swift; sourceTree = "<group>"; };
		3EA9F25525FC63890019318C /* Assets.xcassets */ = {isa = PBXFileReference; lastKnownFileType = folder.assetcatalog; path = Assets.xcassets; sourceTree = "<group>"; };
		3EA9F25825FC63890019318C /* Preview Assets.xcassets */ = {isa = PBXFileReference; lastKnownFileType = folder.assetcatalog; path = "Preview Assets.xcassets"; sourceTree = "<group>"; };
		3EA9F25A25FC63890019318C /* Info.plist */ = {isa = PBXFileReference; lastKnownFileType = text.plist.xml; path = Info.plist; sourceTree = "<group>"; };
		3EA9F26125FC64230019318C /* CatalogScreen.swift */ = {isa = PBXFileReference; lastKnownFileType = sourcecode.swift; path = CatalogScreen.swift; sourceTree = "<group>"; };
		3EA9F26425FC64520019318C /* FavoritesScreen.swift */ = {isa = PBXFileReference; lastKnownFileType = sourcecode.swift; path = FavoritesScreen.swift; sourceTree = "<group>"; };
		3EA9F26725FC64600019318C /* ProfileScreen.swift */ = {isa = PBXFileReference; lastKnownFileType = sourcecode.swift; path = ProfileScreen.swift; sourceTree = "<group>"; };
		3EA9F26A25FC64A70019318C /* Router.swift */ = {isa = PBXFileReference; lastKnownFileType = sourcecode.swift; path = Router.swift; sourceTree = "<group>"; };
		3EA9F27725FC7F2B0019318C /* SeriesView.swift */ = {isa = PBXFileReference; lastKnownFileType = sourcecode.swift; path = SeriesView.swift; sourceTree = "<group>"; };
		3EA9F27A25FC81B50019318C /* SeriesListCell.swift */ = {isa = PBXFileReference; lastKnownFileType = sourcecode.swift; path = SeriesListCell.swift; sourceTree = "<group>"; };
		3EA9F28425FCB4B00019318C /* TextView.swift */ = {isa = PBXFileReference; lastKnownFileType = sourcecode.swift; path = TextView.swift; sourceTree = "<group>"; };
/* End PBXFileReference section */

/* Begin PBXFrameworksBuildPhase section */
		3EA9F24B25FC63880019318C /* Frameworks */ = {
			isa = PBXFrameworksBuildPhase;
			buildActionMask = 2147483647;
			files = (
			);
			runOnlyForDeploymentPostprocessing = 0;
		};
/* End PBXFrameworksBuildPhase section */

/* Begin PBXGroup section */
		3EA9F24525FC63880019318C = {
			isa = PBXGroup;
			children = (
				3EA9F25025FC63880019318C /* Series */,
				3EA9F24F25FC63880019318C /* Products */,
			);
			sourceTree = "<group>";
		};
		3EA9F24F25FC63880019318C /* Products */ = {
			isa = PBXGroup;
			children = (
				3EA9F24E25FC63880019318C /* Series.app */,
			);
			name = Products;
			sourceTree = "<group>";
		};
		3EA9F25025FC63880019318C /* Series */ = {
			isa = PBXGroup;
			children = (
				3EA9F25125FC63880019318C /* SeriesApp.swift */,
				3EA9F25325FC63880019318C /* ContentView.swift */,
				3EA9F26D25FC672D0019318C /* Screens */,
				3EA9F26F25FC67360019318C /* Services */,
				3EA9F25525FC63890019318C /* Assets.xcassets */,
				3EA9F25A25FC63890019318C /* Info.plist */,
				3EA9F25725FC63890019318C /* Preview Content */,
			);
			path = Series;
			sourceTree = "<group>";
		};
		3EA9F25725FC63890019318C /* Preview Content */ = {
			isa = PBXGroup;
			children = (
				3EA9F25825FC63890019318C /* Preview Assets.xcassets */,
			);
			path = "Preview Content";
			sourceTree = "<group>";
		};
		3EA9F26D25FC672D0019318C /* Screens */ = {
			isa = PBXGroup;
			children = (
				3EA9F27D25FC82BE0019318C /* Catalog */,
				3EA9F27F25FC82C90019318C /* Favorites */,
				3EA9F28125FC82D20019318C /* Profile */,
			);
			path = Screens;
			sourceTree = "<group>";
		};
		3EA9F26F25FC67360019318C /* Services */ = {
			isa = PBXGroup;
			children = (
				3EA9F26A25FC64A70019318C /* Router.swift */,
			);
			path = Services;
			sourceTree = "<group>";
		};
		3EA9F27D25FC82BE0019318C /* Catalog */ = {
			isa = PBXGroup;
			children = (
				3EA9F26125FC64230019318C /* CatalogScreen.swift */,
				3EA9F28425FCB4B00019318C /* TextView.swift */,
			);
			path = Catalog;
			sourceTree = "<group>";
		};
		3EA9F27F25FC82C90019318C /* Favorites */ = {
			isa = PBXGroup;
			children = (
				3EA9F26425FC64520019318C /* FavoritesScreen.swift */,
				3EA9F27A25FC81B50019318C /* SeriesListCell.swift */,
				3EA9F27725FC7F2B0019318C /* SeriesView.swift */,
			);
			path = Favorites;
			sourceTree = "<group>";
		};
		3EA9F28125FC82D20019318C /* Profile */ = {
			isa = PBXGroup;
			children = (
				3EA9F26725FC64600019318C /* ProfileScreen.swift */,
			);
			path = Profile;
			sourceTree = "<group>";
		};
/* End PBXGroup section */

/* Begin PBXNativeTarget section */
		3EA9F24D25FC63880019318C /* Series */ = {
			isa = PBXNativeTarget;
			buildConfigurationList = 3EA9F25D25FC63890019318C /* Build configuration list for PBXNativeTarget "Series" */;
			buildPhases = (
				3EA9F24A25FC63880019318C /* Sources */,
				3EA9F24B25FC63880019318C /* Frameworks */,
				3EA9F24C25FC63880019318C /* Resources */,
			);
			buildRules = (
			);
			dependencies = (
			);
			name = Series;
			productName = Series;
			productReference = 3EA9F24E25FC63880019318C /* Series.app */;
			productType = "com.apple.product-type.application";
		};
/* End PBXNativeTarget section */

/* Begin PBXProject section */
		3EA9F24625FC63880019318C /* Project object */ = {
			isa = PBXProject;
			attributes = {
				LastSwiftUpdateCheck = 1240;
				LastUpgradeCheck = 1240;
				TargetAttributes = {
					3EA9F24D25FC63880019318C = {
						CreatedOnToolsVersion = 12.4;
					};
				};
			};
			buildConfigurationList = 3EA9F24925FC63880019318C /* Build configuration list for PBXProject "Series" */;
			compatibilityVersion = "Xcode 9.3";
			developmentRegion = en;
			hasScannedForEncodings = 0;
			knownRegions = (
				en,
				Base,
			);
			mainGroup = 3EA9F24525FC63880019318C;
			productRefGroup = 3EA9F24F25FC63880019318C /* Products */;
			projectDirPath = "";
			projectRoot = "";
			targets = (
				3EA9F24D25FC63880019318C /* Series */,
			);
		};
/* End PBXProject section */

/* Begin PBXResourcesBuildPhase section */
		3EA9F24C25FC63880019318C /* Resources */ = {
			isa = PBXResourcesBuildPhase;
			buildActionMask = 2147483647;
			files = (
				3EA9F25925FC63890019318C /* Preview Assets.xcassets in Resources */,
				3EA9F25625FC63890019318C /* Assets.xcassets in Resources */,
			);
			runOnlyForDeploymentPostprocessing = 0;
		};
/* End PBXResourcesBuildPhase section */

/* Begin PBXSourcesBuildPhase section */
		3EA9F24A25FC63880019318C /* Sources */ = {
			isa = PBXSourcesBuildPhase;
			buildActionMask = 2147483647;
			files = (
				3EA9F25425FC63880019318C /* ContentView.swift in Sources */,
				3EA9F25225FC63880019318C /* SeriesApp.swift in Sources */,
				3EA9F26225FC64230019318C /* CatalogScreen.swift in Sources */,
				3EA9F26525FC64520019318C /* FavoritesScreen.swift in Sources */,
				3EA9F26B25FC64A70019318C /* Router.swift in Sources */,
				3EA9F26825FC64600019318C /* ProfileScreen.swift in Sources */,
				3EA9F28525FCB4B00019318C /* TextView.swift in Sources */,
				3EA9F27B25FC81B50019318C /* SeriesListCell.swift in Sources */,
				3EA9F27825FC7F2B0019318C /* SeriesView.swift in Sources */,
			);
			runOnlyForDeploymentPostprocessing = 0;
		};
/* End PBXSourcesBuildPhase section */

/* Begin XCBuildConfiguration section */
		3EA9F25B25FC63890019318C /* Debug */ = {
			isa = XCBuildConfiguration;
			buildSettings = {
				ALWAYS_SEARCH_USER_PATHS = NO;
				CLANG_ANALYZER_NONNULL = YES;
				CLANG_ANALYZER_NUMBER_OBJECT_CONVERSION = YES_AGGRESSIVE;
				CLANG_CXX_LANGUAGE_STANDARD = "gnu++14";
				CLANG_CXX_LIBRARY = "libc++";
				CLANG_ENABLE_MODULES = YES;
				CLANG_ENABLE_OBJC_ARC = YES;
				CLANG_ENABLE_OBJC_WEAK = YES;
				CLANG_WARN_BLOCK_CAPTURE_AUTORELEASING = YES;
				CLANG_WARN_BOOL_CONVERSION = YES;
				CLANG_WARN_COMMA = YES;
				CLANG_WARN_CONSTANT_CONVERSION = YES;
				CLANG_WARN_DEPRECATED_OBJC_IMPLEMENTATIONS = YES;
				CLANG_WARN_DIRECT_OBJC_ISA_USAGE = YES_ERROR;
				CLANG_WARN_DOCUMENTATION_COMMENTS = YES;
				CLANG_WARN_EMPTY_BODY = YES;
				CLANG_WARN_ENUM_CONVERSION = YES;
				CLANG_WARN_INFINITE_RECURSION = YES;
				CLANG_WARN_INT_CONVERSION = YES;
				CLANG_WARN_NON_LITERAL_NULL_CONVERSION = YES;
				CLANG_WARN_OBJC_IMPLICIT_RETAIN_SELF = YES;
				CLANG_WARN_OBJC_LITERAL_CONVERSION = YES;
				CLANG_WARN_OBJC_ROOT_CLASS = YES_ERROR;
				CLANG_WARN_QUOTED_INCLUDE_IN_FRAMEWORK_HEADER = YES;
				CLANG_WARN_RANGE_LOOP_ANALYSIS = YES;
				CLANG_WARN_STRICT_PROTOTYPES = YES;
				CLANG_WARN_SUSPICIOUS_MOVE = YES;
				CLANG_WARN_UNGUARDED_AVAILABILITY = YES_AGGRESSIVE;
				CLANG_WARN_UNREACHABLE_CODE = YES;
				CLANG_WARN__DUPLICATE_METHOD_MATCH = YES;
				COPY_PHASE_STRIP = NO;
				DEBUG_INFORMATION_FORMAT = dwarf;
				ENABLE_STRICT_OBJC_MSGSEND = YES;
				ENABLE_TESTABILITY = YES;
				GCC_C_LANGUAGE_STANDARD = gnu11;
				GCC_DYNAMIC_NO_PIC = NO;
				GCC_NO_COMMON_BLOCKS = YES;
				GCC_OPTIMIZATION_LEVEL = 0;
				GCC_PREPROCESSOR_DEFINITIONS = (
					"DEBUG=1",
					"$(inherited)",
				);
				GCC_WARN_64_TO_32_BIT_CONVERSION = YES;
				GCC_WARN_ABOUT_RETURN_TYPE = YES_ERROR;
				GCC_WARN_UNDECLARED_SELECTOR = YES;
				GCC_WARN_UNINITIALIZED_AUTOS = YES_AGGRESSIVE;
				GCC_WARN_UNUSED_FUNCTION = YES;
				GCC_WARN_UNUSED_VARIABLE = YES;
				IPHONEOS_DEPLOYMENT_TARGET = 14.4;
				MTL_ENABLE_DEBUG_INFO = INCLUDE_SOURCE;
				MTL_FAST_MATH = YES;
				ONLY_ACTIVE_ARCH = YES;
				SDKROOT = iphoneos;
				SWIFT_ACTIVE_COMPILATION_CONDITIONS = DEBUG;
				SWIFT_OPTIMIZATION_LEVEL = "-Onone";
			};
			name = Debug;
		};
		3EA9F25C25FC63890019318C /* Release */ = {
			isa = XCBuildConfiguration;
			buildSettings = {
				ALWAYS_SEARCH_USER_PATHS = NO;
				CLANG_ANALYZER_NONNULL = YES;
				CLANG_ANALYZER_NUMBER_OBJECT_CONVERSION = YES_AGGRESSIVE;
				CLANG_CXX_LANGUAGE_STANDARD = "gnu++14";
				CLANG_CXX_LIBRARY = "libc++";
				CLANG_ENABLE_MODULES = YES;
				CLANG_ENABLE_OBJC_ARC = YES;
				CLANG_ENABLE_OBJC_WEAK = YES;
				CLANG_WARN_BLOCK_CAPTURE_AUTORELEASING = YES;
				CLANG_WARN_BOOL_CONVERSION = YES;
				CLANG_WARN_COMMA = YES;
				CLANG_WARN_CONSTANT_CONVERSION = YES;
				CLANG_WARN_DEPRECATED_OBJC_IMPLEMENTATIONS = YES;
				CLANG_WARN_DIRECT_OBJC_ISA_USAGE = YES_ERROR;
				CLANG_WARN_DOCUMENTATION_COMMENTS = YES;
				CLANG_WARN_EMPTY_BODY = YES;
				CLANG_WARN_ENUM_CONVERSION = YES;
				CLANG_WARN_INFINITE_RECURSION = YES;
				CLANG_WARN_INT_CONVERSION = YES;
				CLANG_WARN_NON_LITERAL_NULL_CONVERSION = YES;
				CLANG_WARN_OBJC_IMPLICIT_RETAIN_SELF = YES;
				CLANG_WARN_OBJC_LITERAL_CONVERSION = YES;
				CLANG_WARN_OBJC_ROOT_CLASS = YES_ERROR;
				CLANG_WARN_QUOTED_INCLUDE_IN_FRAMEWORK_HEADER = YES;
				CLANG_WARN_RANGE_LOOP_ANALYSIS = YES;
				CLANG_WARN_STRICT_PROTOTYPES = YES;
				CLANG_WARN_SUSPICIOUS_MOVE = YES;
				CLANG_WARN_UNGUARDED_AVAILABILITY = YES_AGGRESSIVE;
				CLANG_WARN_UNREACHABLE_CODE = YES;
				CLANG_WARN__DUPLICATE_METHOD_MATCH = YES;
				COPY_PHASE_STRIP = NO;
				DEBUG_INFORMATION_FORMAT = "dwarf-with-dsym";
				ENABLE_NS_ASSERTIONS = NO;
				ENABLE_STRICT_OBJC_MSGSEND = YES;
				GCC_C_LANGUAGE_STANDARD = gnu11;
				GCC_NO_COMMON_BLOCKS = YES;
				GCC_WARN_64_TO_32_BIT_CONVERSION = YES;
				GCC_WARN_ABOUT_RETURN_TYPE = YES_ERROR;
				GCC_WARN_UNDECLARED_SELECTOR = YES;
				GCC_WARN_UNINITIALIZED_AUTOS = YES_AGGRESSIVE;
				GCC_WARN_UNUSED_FUNCTION = YES;
				GCC_WARN_UNUSED_VARIABLE = YES;
				IPHONEOS_DEPLOYMENT_TARGET = 14.4;
				MTL_ENABLE_DEBUG_INFO = NO;
				MTL_FAST_MATH = YES;
				SDKROOT = iphoneos;
				SWIFT_COMPILATION_MODE = wholemodule;
				SWIFT_OPTIMIZATION_LEVEL = "-O";
				VALIDATE_PRODUCT = YES;
			};
			name = Release;
		};
		3EA9F25E25FC63890019318C /* Debug */ = {
			isa = XCBuildConfiguration;
			buildSettings = {
				ASSETCATALOG_COMPILER_APPICON_NAME = AppIcon;
				ASSETCATALOG_COMPILER_GLOBAL_ACCENT_COLOR_NAME = AccentColor;
				CODE_SIGN_STYLE = Automatic;
				DEVELOPMENT_ASSET_PATHS = "\"Series/Preview Content\"";
				DEVELOPMENT_TEAM = YY7V82P89Q;
				ENABLE_PREVIEWS = YES;
				INFOPLIST_FILE = Series/Info.plist;
				IPHONEOS_DEPLOYMENT_TARGET = 14.0;
				LD_RUNPATH_SEARCH_PATHS = (
					"$(inherited)",
					"@executable_path/Frameworks",
				);
				PRODUCT_BUNDLE_IDENTIFIER = com.series.app.Series;
				PRODUCT_NAME = "$(TARGET_NAME)";
				SWIFT_VERSION = 5.0;
				TARGETED_DEVICE_FAMILY = "1,2";
			};
			name = Debug;
		};
		3EA9F25F25FC63890019318C /* Release */ = {
			isa = XCBuildConfiguration;
			buildSettings = {
				ASSETCATALOG_COMPILER_APPICON_NAME = AppIcon;
				ASSETCATALOG_COMPILER_GLOBAL_ACCENT_COLOR_NAME = AccentColor;
				CODE_SIGN_STYLE = Automatic;
				DEVELOPMENT_ASSET_PATHS = "\"Series/Preview Content\"";
				DEVELOPMENT_TEAM = YY7V82P89Q;
				ENABLE_PREVIEWS = YES;
				INFOPLIST_FILE = Series/Info.plist;
				IPHONEOS_DEPLOYMENT_TARGET = 14.0;
				LD_RUNPATH_SEARCH_PATHS = (
					"$(inherited)",
					"@executable_path/Frameworks",
				);
				PRODUCT_BUNDLE_IDENTIFIER = com.series.app.Series;
				PRODUCT_NAME = "$(TARGET_NAME)";
				SWIFT_VERSION = 5.0;
				TARGETED_DEVICE_FAMILY = "1,2";
			};
			name = Release;
		};
/* End XCBuildConfiguration section */

/* Begin XCConfigurationList section */
		3EA9F24925FC63880019318C /* Build configuration list for PBXProject "Series" */ = {
			isa = XCConfigurationList;
			buildConfigurations = (
				3EA9F25B25FC63890019318C /* Debug */,
				3EA9F25C25FC63890019318C /* Release */,
			);
			defaultConfigurationIsVisible = 0;
			defaultConfigurationName = Release;
		};
		3EA9F25D25FC63890019318C /* Build configuration list for PBXNativeTarget "Series" */ = {
			isa = XCConfigurationList;
			buildConfigurations = (
				3EA9F25E25FC63890019318C /* Debug */,
				3EA9F25F25FC63890019318C /* Release */,
			);
			defaultConfigurationIsVisible = 0;
			defaultConfigurationName = Release;
		};
/* End XCConfigurationList section */
	};
	rootObject = 3EA9F24625FC63880019318C /* Project object */;
}
